
Microsoft Visual Studio Solution File, Format Version 12.00
# Visual Studio 14
VisualStudioVersion = 14.0.25420.1
MinimumVisualStudioVersion = 10.0.40219.1
Project("{FC65038C-1B2F-41E1-A629-BED71D161FFF}") = "ARB_TestExtensions (ISV) [Fleet Management]", "ARB_TestExtensions\ARB_TestExtensions.rnrproj", "{6AB4B3C7-DA0E-4E26-94DF-40C165B1366A}"
EndProject
Global
	GlobalSection(SolutionConfigurationPlatforms) = preSolution
		Debug|Any CPU = Debug|Any CPU
	EndGlobalSection
	GlobalSection(ProjectConfigurationPlatforms) = postSolution
		{6AB4B3C7-DA0E-4E26-94DF-40C165B1366A}.Debug|Any CPU.ActiveCfg = Debug|Any CPU
		{6AB4B3C7-DA0E-4E26-94DF-40C165B1366A}.Debug|Any CPU.Build.0 = Debug|Any CPU
	EndGlobalSection
	GlobalSection(SolutionProperties) = preSolution
		HideSolutionNode = FALSE
	EndGlobalSection
EndGlobal
