
Microsoft Visual Studio Solution File, Format Version 12.00
# Visual Studio 14
VisualStudioVersion = 14.0.25420.1
MinimumVisualStudioVersion = 10.0.40219.1
Project("{FC65038C-1B2F-41E1-A629-BED71D161FFF}") = "AOTBrowser (ISV) [AOTBrowser]", "AOTBrowser\AOTBrowser.rnrproj", "{B46BA67D-F758-4471-A70B-D6B2E2A4689D}"
EndProject
Project("{FAE04EC0-301F-11D3-BF4B-00C04F79EFBC}") = "Arbela.Dynamics.AX.Xpp.Support", "..\AOTBrowser\Arbela.Dynamics.AX.Xpp.Support\Arbela.Dynamics.AX.Xpp.Support.csproj", "{2F618DA7-59BC-4ABE-8F24-72D2D59F9AD4}"
EndProject
Project("{FAE04EC0-301F-11D3-BF4B-00C04F79EFBC}") = "PygmentSharp.Core", "..\AOTBrowser\PygmentSharp.Core\PygmentSharp.Core.csproj", "{9EB63A83-0F9D-4C49-BC2A-95E37EB1CB15}"
EndProject
Global
	GlobalSection(SolutionConfigurationPlatforms) = preSolution
		Debug|Any CPU = Debug|Any CPU
		Release|Any CPU = Release|Any CPU
	EndGlobalSection
	GlobalSection(ProjectConfigurationPlatforms) = postSolution
		{B46BA67D-F758-4471-A70B-D6B2E2A4689D}.Debug|Any CPU.ActiveCfg = Debug|Any CPU
		{B46BA67D-F758-4471-A70B-D6B2E2A4689D}.Debug|Any CPU.Build.0 = Debug|Any CPU
		{B46BA67D-F758-4471-A70B-D6B2E2A4689D}.Release|Any CPU.ActiveCfg = Debug|Any CPU
		{B46BA67D-F758-4471-A70B-D6B2E2A4689D}.Release|Any CPU.Build.0 = Debug|Any CPU
		{2F618DA7-59BC-4ABE-8F24-72D2D59F9AD4}.Debug|Any CPU.ActiveCfg = Debug|Any CPU
		{2F618DA7-59BC-4ABE-8F24-72D2D59F9AD4}.Debug|Any CPU.Build.0 = Debug|Any CPU
		{2F618DA7-59BC-4ABE-8F24-72D2D59F9AD4}.Release|Any CPU.ActiveCfg = Release|Any CPU
		{2F618DA7-59BC-4ABE-8F24-72D2D59F9AD4}.Release|Any CPU.Build.0 = Release|Any CPU
		{9EB63A83-0F9D-4C49-BC2A-95E37EB1CB15}.Debug|Any CPU.ActiveCfg = Debug|Any CPU
		{9EB63A83-0F9D-4C49-BC2A-95E37EB1CB15}.Debug|Any CPU.Build.0 = Debug|Any CPU
		{9EB63A83-0F9D-4C49-BC2A-95E37EB1CB15}.Release|Any CPU.ActiveCfg = Release|Any CPU
		{9EB63A83-0F9D-4C49-BC2A-95E37EB1CB15}.Release|Any CPU.Build.0 = Release|Any CPU
	EndGlobalSection
	GlobalSection(SolutionProperties) = preSolution
		HideSolutionNode = FALSE
	EndGlobalSection
EndGlobal
